<Solution>
  <Folder Name="/Solution Items/">
    <File Path=".gitattributes" />
    <File Path=".gitignore" />
    <File Path="README.md" />
  </Folder>
  <Project Path="GatorBytes.DAL/GatorBytes.DAL.csproj" />
  <Project Path="GatorBytes.Shared/GatorBytes.Shared.csproj" />
  <Project Path="GatorBytes.SK/GatorBytes.SK.csproj" />
  <Project Path="GatorBytes.Web/GatorBytes.Web.csproj" />
</Solution>
